Microsoft Visual Studio Solution File, Format Version 12.00
# Visual Studio 15
VisualStudioVersion = 15.0.26403.3
MinimumVisualStudioVersion = 15.0.26124.0
Project("{2150E333-8FDC-42A3-9474-1A3956D46DE8}") = "src", "src", "{5E97BBE5-E8EC-4E21-A66A-7B7E116D99A0}"
EndProject
Project("{9A19103F-16F7-4668-BE54-9A1E7A4F7556}") = "RtwoDtwo.IO.Compression", "src\RtwoDtwo.IO.Compression\RtwoDtwo.IO.Compression.csproj", "{5DEFE256-4E8D-43E1-904F-5A88E2623B86}"
EndProject
Project("{2150E333-8FDC-42A3-9474-1A3956D46DE8}") = "tests", "tests", "{59AD7342-DB09-4BBC-A444-59B61D50534F}"
EndProject
Project("{FAE04EC0-301F-11D3-BF4B-00C04F79EFBC}") = "RtwoDtwo.IO.Compression.Tests", "tests\RtwoDtwo.IO.Compression.Tests\RtwoDtwo.IO.Compression.Tests.csproj", "{74475CD2-BAB2-41F7-BB9F-A5B3137240DD}"
EndProject
Global
	GlobalSection(SolutionConfigurationPlatforms) = preSolution
		Debug|Any CPU = Debug|Any CPU
		Debug|x64 = Debug|x64
		Debug|x86 = Debug|x86
		Release|Any CPU = Release|Any CPU
		Release|x64 = Release|x64
		Release|x86 = Release|x86
	EndGlobalSection
	GlobalSection(ProjectConfigurationPlatforms) = postSolution
		{5DEFE256-4E8D-43E1-904F-5A88E2623B86}.Debug|Any CPU.ActiveCfg = Debug|Any CPU
		{5DEFE256-4E8D-43E1-904F-5A88E2623B86}.Debug|Any CPU.Build.0 = Debug|Any CPU
		{5DEFE256-4E8D-43E1-904F-5A88E2623B86}.Debug|x64.ActiveCfg = Debug|Any CPU
		{5DEFE256-4E8D-43E1-904F-5A88E2623B86}.Debug|x64.Build.0 = Debug|Any CPU
		{5DEFE256-4E8D-43E1-904F-5A88E2623B86}.Debug|x86.ActiveCfg = Debug|Any CPU
		{5DEFE256-4E8D-43E1-904F-5A88E2623B86}.Debug|x86.Build.0 = Debug|Any CPU
		{5DEFE256-4E8D-43E1-904F-5A88E2623B86}.Release|Any CPU.ActiveCfg = Release|Any CPU
		{5DEFE256-4E8D-43E1-904F-5A88E2623B86}.Release|Any CPU.Build.0 = Release|Any CPU
		{5DEFE256-4E8D-43E1-904F-5A88E2623B86}.Release|x64.ActiveCfg = Release|Any CPU
		{5DEFE256-4E8D-43E1-904F-5A88E2623B86}.Release|x64.Build.0 = Release|Any CPU
		{5DEFE256-4E8D-43E1-904F-5A88E2623B86}.Release|x86.ActiveCfg = Release|Any CPU
		{5DEFE256-4E8D-43E1-904F-5A88E2623B86}.Release|x86.Build.0 = Release|Any CPU
		{74475CD2-BAB2-41F7-BB9F-A5B3137240DD}.Debug|Any CPU.ActiveCfg = Debug|Any CPU
		{74475CD2-BAB2-41F7-BB9F-A5B3137240DD}.Debug|Any CPU.Build.0 = Debug|Any CPU
		{74475CD2-BAB2-41F7-BB9F-A5B3137240DD}.Debug|x64.ActiveCfg = Debug|Any CPU
		{74475CD2-BAB2-41F7-BB9F-A5B3137240DD}.Debug|x64.Build.0 = Debug|Any CPU
		{74475CD2-BAB2-41F7-BB9F-A5B3137240DD}.Debug|x86.ActiveCfg = Debug|Any CPU
		{74475CD2-BAB2-41F7-BB9F-A5B3137240DD}.Debug|x86.Build.0 = Debug|Any CPU
		{74475CD2-BAB2-41F7-BB9F-A5B3137240DD}.Release|Any CPU.ActiveCfg = Release|Any CPU
		{74475CD2-BAB2-41F7-BB9F-A5B3137240DD}.Release|Any CPU.Build.0 = Release|Any CPU
		{74475CD2-BAB2-41F7-BB9F-A5B3137240DD}.Release|x64.ActiveCfg = Release|Any CPU
		{74475CD2-BAB2-41F7-BB9F-A5B3137240DD}.Release|x64.Build.0 = Release|Any CPU
		{74475CD2-BAB2-41F7-BB9F-A5B3137240DD}.Release|x86.ActiveCfg = Release|Any CPU
		{74475CD2-BAB2-41F7-BB9F-A5B3137240DD}.Release|x86.Build.0 = Release|Any CPU
	EndGlobalSection
	GlobalSection(SolutionProperties) = preSolution
		HideSolutionNode = FALSE
	EndGlobalSection
	GlobalSection(NestedProjects) = preSolution
		{5DEFE256-4E8D-43E1-904F-5A88E2623B86} = {5E97BBE5-E8EC-4E21-A66A-7B7E116D99A0}
		{74475CD2-BAB2-41F7-BB9F-A5B3137240DD} = {59AD7342-DB09-4BBC-A444-59B61D50534F}
	EndGlobalSection
EndGlobal
