
Microsoft Visual Studio Solution File, Format Version 12.00
# Visual Studio 15
VisualStudioVersion = 15.0.26124.0
MinimumVisualStudioVersion = 15.0.26124.0
Project("{2150E333-8FDC-42A3-9474-1A3956D46DE8}") = "src", "src", "{5E97BBE5-E8EC-4E21-A66A-7B7E116D99A0}"
EndProject
Project("{FAE04EC0-301F-11D3-BF4B-00C04F79EFBC}") = "RtwoDtwo.IO.Compression", "src\RtwoDtwo.IO.Compression\RtwoDtwo.IO.Compression.csproj", "{5DEFE256-4E8D-43E1-904F-5A88E2623B86}"
EndProject
Project("{FAE04EC0-301F-11D3-BF4B-00C04F79EFBC}") = "RtwoDtwo.IO.Compression.Tests", "tests\RtwoDtwo.IO.Compression.Tests.csproj", "{7EFA89ED-06F5-4B4B-8D08-C78BA9C4290B}"
EndProject
Global
	GlobalSection(SolutionConfigurationPlatforms) = preSolution
		Debug|Any CPU = Debug|Any CPU
		Debug|x64 = Debug|x64
		Debug|x86 = Debug|x86
		Release|Any CPU = Release|Any CPU
		Release|x64 = Release|x64
		Release|x86 = Release|x86
	EndGlobalSection
	GlobalSection(SolutionProperties) = preSolution
		HideSolutionNode = FALSE
	EndGlobalSection
	GlobalSection(ProjectConfigurationPlatforms) = postSolution
		{5DEFE256-4E8D-43E1-904F-5A88E2623B86}.Debug|Any CPU.ActiveCfg = Debug|Any CPU
		{5DEFE256-4E8D-43E1-904F-5A88E2623B86}.Debug|Any CPU.Build.0 = Debug|Any CPU
		{5DEFE256-4E8D-43E1-904F-5A88E2623B86}.Debug|x64.ActiveCfg = Debug|x64
		{5DEFE256-4E8D-43E1-904F-5A88E2623B86}.Debug|x64.Build.0 = Debug|x64
		{5DEFE256-4E8D-43E1-904F-5A88E2623B86}.Debug|x86.ActiveCfg = Debug|x86
		{5DEFE256-4E8D-43E1-904F-5A88E2623B86}.Debug|x86.Build.0 = Debug|x86
		{5DEFE256-4E8D-43E1-904F-5A88E2623B86}.Release|Any CPU.ActiveCfg = Release|Any CPU
		{5DEFE256-4E8D-43E1-904F-5A88E2623B86}.Release|Any CPU.Build.0 = Release|Any CPU
		{5DEFE256-4E8D-43E1-904F-5A88E2623B86}.Release|x64.ActiveCfg = Release|x64
		{5DEFE256-4E8D-43E1-904F-5A88E2623B86}.Release|x64.Build.0 = Release|x64
		{5DEFE256-4E8D-43E1-904F-5A88E2623B86}.Release|x86.ActiveCfg = Release|x86
		{5DEFE256-4E8D-43E1-904F-5A88E2623B86}.Release|x86.Build.0 = Release|x86
		{7EFA89ED-06F5-4B4B-8D08-C78BA9C4290B}.Debug|Any CPU.ActiveCfg = Debug|Any CPU
		{7EFA89ED-06F5-4B4B-8D08-C78BA9C4290B}.Debug|Any CPU.Build.0 = Debug|Any CPU
		{7EFA89ED-06F5-4B4B-8D08-C78BA9C4290B}.Debug|x64.ActiveCfg = Debug|x64
		{7EFA89ED-06F5-4B4B-8D08-C78BA9C4290B}.Debug|x64.Build.0 = Debug|x64
		{7EFA89ED-06F5-4B4B-8D08-C78BA9C4290B}.Debug|x86.ActiveCfg = Debug|x86
		{7EFA89ED-06F5-4B4B-8D08-C78BA9C4290B}.Debug|x86.Build.0 = Debug|x86
		{7EFA89ED-06F5-4B4B-8D08-C78BA9C4290B}.Release|Any CPU.ActiveCfg = Release|Any CPU
		{7EFA89ED-06F5-4B4B-8D08-C78BA9C4290B}.Release|Any CPU.Build.0 = Release|Any CPU
		{7EFA89ED-06F5-4B4B-8D08-C78BA9C4290B}.Release|x64.ActiveCfg = Release|x64
		{7EFA89ED-06F5-4B4B-8D08-C78BA9C4290B}.Release|x64.Build.0 = Release|x64
		{7EFA89ED-06F5-4B4B-8D08-C78BA9C4290B}.Release|x86.ActiveCfg = Release|x86
		{7EFA89ED-06F5-4B4B-8D08-C78BA9C4290B}.Release|x86.Build.0 = Release|x86
	EndGlobalSection
	GlobalSection(NestedProjects) = preSolution
		{5DEFE256-4E8D-43E1-904F-5A88E2623B86} = {5E97BBE5-E8EC-4E21-A66A-7B7E116D99A0}
	EndGlobalSection
EndGlobal
